Microsoft Visual Studio Solution File, Format Version 1.00
Project("{66355F20-A65B-11D0-BFB5-00A0C91EBFA0}") = "messaround", "messaround.vjp", "{7B3B3A00-C8F8-11D3-A216-82187D106665}"
EndProject
Global
	GlobalSection(LocalDeployment) = postSolution
		StartupProject = {7B3B3A00-C8F8-11D3-A216-82187D106665}
	EndGlobalSection
	GlobalSection(BuildOrder) = postSolution
		0 = {7B3B3A00-C8F8-11D3-A216-82187D106665}
	EndGlobalSection
	GlobalSection(DeploymentRoot) = postSolution
	EndGlobalSection
EndGlobal
