Microsoft Visual Studio Solution File, Format Version 8.00
Project("{F184B08F-C81C-45F6-A57F-5ABD9991F28F}") = "lab4-2", "lab4-2.vbproj", "{FAA30AE8-99EE-4A8F-9230-8226AF45F4F7}"
	ProjectSection(ProjectDependencies) = postProject
	EndProjectSection
EndProject
Global
	GlobalSection(SolutionConfiguration) = preSolution
		Debug = Debug
		Release = Release
	EndGlobalSection
	GlobalSection(ProjectConfiguration) = postSolution
		{FAA30AE8-99EE-4A8F-9230-8226AF45F4F7}.Debug.ActiveCfg = Debug|.NET
		{FAA30AE8-99EE-4A8F-9230-8226AF45F4F7}.Debug.Build.0 = Debug|.NET
		{FAA30AE8-99EE-4A8F-9230-8226AF45F4F7}.Release.ActiveCfg = Release|.NET
		{FAA30AE8-99EE-4A8F-9230-8226AF45F4F7}.Release.Build.0 = Release|.NET
	EndGlobalSection
	GlobalSection(ExtensibilityGlobals) = postSolution
	EndGlobalSection
	GlobalSection(ExtensibilityAddIns) = postSolution
	EndGlobalSection
EndGlobal
