Microsoft Visual Studio Solution File, Format Version 1.00
Project("{66355F20-A65B-11D0-BFB5-00A0C91EBFA0}") = "FrameClose", "FrameClose.vjp", "{C3D81BC8-CE4D-11D3-A216-B84896DC7B5A}"
EndProject
Global
	GlobalSection(LocalDeployment) = postSolution
		StartupProject = {C3D81BC8-CE4D-11D3-A216-B84896DC7B5A}
	EndGlobalSection
	GlobalSection(BuildOrder) = postSolution
		0 = {C3D81BC8-CE4D-11D3-A216-B84896DC7B5A}
	EndGlobalSection
	GlobalSection(DeploymentRoot) = postSolution
	EndGlobalSection
EndGlobal
