Microsoft Visual Studio Solution File, Format Version 1.00
Project("{66355F20-A65B-11D0-BFB5-00A0C91EBFA0}") = "Project8", "Project8.vjp", "{AB76AAC0-24D2-11D4-A216-AC3214410761}"
EndProject
Global
	GlobalSection(LocalDeployment) = postSolution
		StartupProject = {AB76AAC0-24D2-11D4-A216-AC3214410761}
	EndGlobalSection
	GlobalSection(BuildOrder) = postSolution
		0 = {AB76AAC0-24D2-11D4-A216-AC3214410761}
	EndGlobalSection
	GlobalSection(DeploymentRoot) = postSolution
	EndGlobalSection
EndGlobal
