Microsoft Visual Studio Solution File, Format Version 1.00
Project("{66355F20-A65B-11D0-BFB5-00A0C91EBFA0}") = "CloseButton", "CloseButton.vjp", "{CB4B0620-CF19-11D3-A216-B3AB1C696E2F}"
EndProject
Global
	GlobalSection(LocalDeployment) = postSolution
		StartupProject = {CB4B0620-CF19-11D3-A216-B3AB1C696E2F}
	EndGlobalSection
	GlobalSection(BuildOrder) = postSolution
		0 = {CB4B0620-CF19-11D3-A216-B3AB1C696E2F}
	EndGlobalSection
	GlobalSection(DeploymentRoot) = postSolution
	EndGlobalSection
EndGlobal
